// !$*UTF8*$!
{
	archiveVersion = 1;
	classes = {
	};
	objectVersion = 46;
	objects = {

/* Begin PBXBuildFile section */
		BA7E65261AE0B44E004495A4 /* main.m in Sources */ = {isa = PBXBuildFile; fileRef = BA7E65251AE0B44E004495A4 /* main.m */; };
		BA7E65291AE0B44E004495A4 /* AppDelegate.m in Sources */ = {isa = PBXBuildFile; fileRef = BA7E65281AE0B44E004495A4 /* AppDelegate.m */; };
		BA7E652C1AE0B44E004495A4 /* ViewController.m in Sources */ = {isa = PBXBuildFile; fileRef = BA7E652B1AE0B44E004495A4 /* ViewController.m */; };
		BA7E652F1AE0B44E004495A4 /* Main.storyboard in Resources */ = {isa = PBXBuildFile; fileRef = BA7E652D1AE0B44E004495A4 /* Main.storyboard */; };
		BA7E65311AE0B44E004495A4 /* Images.xcassets in Resources */ = {isa = PBXBuildFile; fileRef = BA7E65301AE0B44E004495A4 /* Images.xcassets */; };
		BA7E65341AE0B44E004495A4 /* LaunchScreen.xib in Resources */ = {isa = PBXBuildFile; fileRef = BA7E65321AE0B44E004495A4 /* LaunchScreen.xib */; };
		BA7E65401AE0B44E004495A4 /* FeThirdLayerMenuTests.m in Sources */ = {isa = PBXBuildFile; fileRef = BA7E653F1AE0B44E004495A4 /* FeThirdLayerMenuTests.m */; };
		BA7E65501AE0C1BD004495A4 /* FeThirdLayerAttribute.m in Sources */ = {isa = PBXBuildFile; fileRef = BA7E654F1AE0C1BD004495A4 /* FeThirdLayerAttribute.m */; };
		BA7E65531AE0C1D9004495A4 /* FeThirdLayerHeader.m in Sources */ = {isa = PBXBuildFile; fileRef = BA7E65521AE0C1D9004495A4 /* FeThirdLayerHeader.m */; };
		BA7E65561AE0C1EE004495A4 /* UIView+FeThirdLayerAttribute.m in Sources */ = {isa = PBXBuildFile; fileRef = BA7E65551AE0C1EE004495A4 /* UIView+FeThirdLayerAttribute.m */; };
		BA7E65591AE0C210004495A4 /* FeThirdLayerMenuLayout.m in Sources */ = {isa = PBXBuildFile; fileRef = BA7E65581AE0C210004495A4 /* FeThirdLayerMenuLayout.m */; };
		BA7E655D1AE0C2F1004495A4 /* FeThirdLayerLabel.m in Sources */ = {isa = PBXBuildFile; fileRef = BA7E655C1AE0C2F1004495A4 /* FeThirdLayerLabel.m */; };
/* End PBXBuildFile section */

/* Begin PBXContainerItemProxy section */
		BA7E653A1AE0B44E004495A4 /* PBXContainerItemProxy */ = {
			isa = PBXContainerItemProxy;
			containerPortal = BA7E65181AE0B44E004495A4 /* Project object */;
			proxyType = 1;
			remoteGlobalIDString = BA7E651F1AE0B44E004495A4;
			remoteInfo = FeThirdLayerMenu;
		};
/* End PBXContainerItemProxy section */

/* Begin PBXFileReference section */
		BA7E65201AE0B44E004495A4 /* FeThirdLayerMenu.app */ = {isa = PBXFileReference; explicitFileType = wrapper.application; includeInIndex = 0; path = FeThirdLayerMenu.app; sourceTree = BUILT_PRODUCTS_DIR; };
		BA7E65241AE0B44E004495A4 /* Info.plist */ = {isa = PBXFileReference; lastKnownFileType = text.plist.xml; path = Info.plist; sourceTree = "<group>"; };
		BA7E65251AE0B44E004495A4 /* main.m */ = {isa = PBXFileReference; lastKnownFileType = sourcecode.c.objc; path = main.m; sourceTree = "<group>"; };
		BA7E65271AE0B44E004495A4 /* AppDelegate.h */ = {isa = PBXFileReference; lastKnownFileType = sourcecode.c.h; path = AppDelegate.h; sourceTree = "<group>"; };
		BA7E65281AE0B44E004495A4 /* AppDelegate.m */ = {isa = PBXFileReference; lastKnownFileType = sourcecode.c.objc; path = AppDelegate.m; sourceTree = "<group>"; };
		BA7E652A1AE0B44E004495A4 /* ViewController.h */ = {isa = PBXFileReference; lastKnownFileType = sourcecode.c.h; path = ViewController.h; sourceTree = "<group>"; };
		BA7E652B1AE0B44E004495A4 /* ViewController.m */ = {isa = PBXFileReference; lastKnownFileType = sourcecode.c.objc; path = ViewController.m; sourceTree = "<group>"; };
		BA7E652E1AE0B44E004495A4 /* Base */ = {isa = PBXFileReference; lastKnownFileType = file.storyboard; name = Base; path = Base.lproj/Main.storyboard; sourceTree = "<group>"; };
		BA7E65301AE0B44E004495A4 /* Images.xcassets */ = {isa = PBXFileReference; lastKnownFileType = folder.assetcatalog; path = Images.xcassets; sourceTree = "<group>"; };
		BA7E65331AE0B44E004495A4 /* Base */ = {isa = PBXFileReference; lastKnownFileType = file.xib; name = Base; path = Base.lproj/LaunchScreen.xib; sourceTree = "<group>"; };
		BA7E65391AE0B44E004495A4 /* FeThirdLayerMenuTests.xctest */ = {isa = PBXFileReference; explicitFileType = wrapper.cfbundle; includeInIndex = 0; path = FeThirdLayerMenuTests.xctest; sourceTree = BUILT_PRODUCTS_DIR; };
		BA7E653E1AE0B44E004495A4 /* Info.plist */ = {isa = PBXFileReference; lastKnownFileType = text.plist.xml; path = Info.plist; sourceTree = "<group>"; };
		BA7E653F1AE0B44E004495A4 /* FeThirdLayerMenuTests.m */ = {isa = PBXFileReference; lastKnownFileType = sourcecode.c.objc; path = FeThirdLayerMenuTests.m; sourceTree = "<group>"; };
		BA7E654E1AE0C1BD004495A4 /* FeThirdLayerAttribute.h */ = {isa = PBXFileReference; fileEncoding = 4; lastKnownFileType = sourcecode.c.h; path = FeThirdLayerAttribute.h; sourceTree = "<group>"; };
		BA7E654F1AE0C1BD004495A4 /* FeThirdLayerAttribute.m */ = {isa = PBXFileReference; fileEncoding = 4; lastKnownFileType = sourcecode.c.objc; path = FeThirdLayerAttribute.m; sourceTree = "<group>"; };
		BA7E65511AE0C1D9004495A4 /* FeThirdLayerHeader.h */ = {isa = PBXFileReference; fileEncoding = 4; lastKnownFileType = sourcecode.c.h; path = FeThirdLayerHeader.h; sourceTree = "<group>"; };
		BA7E65521AE0C1D9004495A4 /* FeThirdLayerHeader.m */ = {isa = PBXFileReference; fileEncoding = 4; lastKnownFileType = sourcecode.c.objc; path = FeThirdLayerHeader.m; sourceTree = "<group>"; };
		BA7E65541AE0C1EE004495A4 /* UIView+FeThirdLayerAttribute.h */ = {isa = PBXFileReference; fileEncoding = 4; lastKnownFileType = sourcecode.c.h; path = "UIView+FeThirdLayerAttribute.h"; sourceTree = "<group>"; };
		BA7E65551AE0C1EE004495A4 /* UIView+FeThirdLayerAttribute.m */ = {isa = PBXFileReference; fileEncoding = 4; lastKnownFileType = sourcecode.c.objc; path = "UIView+FeThirdLayerAttribute.m"; sourceTree = "<group>"; };
		BA7E65571AE0C210004495A4 /* FeThirdLayerMenuLayout.h */ = {isa = PBXFileReference; fileEncoding = 4; lastKnownFileType = sourcecode.c.h; path = FeThirdLayerMenuLayout.h; sourceTree = "<group>"; };
		BA7E65581AE0C210004495A4 /* FeThirdLayerMenuLayout.m */ = {isa = PBXFileReference; fileEncoding = 4; lastKnownFileType = sourcecode.c.objc; path = FeThirdLayerMenuLayout.m; sourceTree = "<group>"; };
		BA7E655B1AE0C2F1004495A4 /* FeThirdLayerLabel.h */ = {isa = PBXFileReference; fileEncoding = 4; lastKnownFileType = sourcecode.c.h; path = FeThirdLayerLabel.h; sourceTree = "<group>"; };
		BA7E655C1AE0C2F1004495A4 /* FeThirdLayerLabel.m */ = {isa = PBXFileReference; fileEncoding = 4; lastKnownFileType = sourcecode.c.objc; path = FeThirdLayerLabel.m; sourceTree = "<group>"; };
/* End PBXFileReference section */

/* Begin PBXFrameworksBuildPhase section */
		BA7E651D1AE0B44E004495A4 /* Frameworks */ = {
			isa = PBXFrameworksBuildPhase;
			buildActionMask = 2147483647;
			files = (
			);
			runOnlyForDeploymentPostprocessing = 0;
		};
		BA7E65361AE0B44E004495A4 /* Frameworks */ = {
			isa = PBXFrameworksBuildPhase;
			buildActionMask = 2147483647;
			files = (
			);
			runOnlyForDeploymentPostprocessing = 0;
		};
/* End PBXFrameworksBuildPhase section */

/* Begin PBXGroup section */
		BA7E65171AE0B44E004495A4 = {
			isa = PBXGroup;
			children = (
				BA7E65221AE0B44E004495A4 /* FeThirdLayerMenu */,
				BA7E653C1AE0B44E004495A4 /* FeThirdLayerMenuTests */,
				BA7E65211AE0B44E004495A4 /* Products */,
			);
			sourceTree = "<group>";
		};
		BA7E65211AE0B44E004495A4 /* Products */ = {
			isa = PBXGroup;
			children = (
				BA7E65201AE0B44E004495A4 /* FeThirdLayerMenu.app */,
				BA7E65391AE0B44E004495A4 /* FeThirdLayerMenuTests.xctest */,
			);
			name = Products;
			sourceTree = "<group>";
		};
		BA7E65221AE0B44E004495A4 /* FeThirdLayerMenu */ = {
			isa = PBXGroup;
			children = (
				BA7E65491AE0B56A004495A4 /* FeThirdLayerMenu */,
				BA7E65271AE0B44E004495A4 /* AppDelegate.h */,
				BA7E65281AE0B44E004495A4 /* AppDelegate.m */,
				BA7E652A1AE0B44E004495A4 /* ViewController.h */,
				BA7E652B1AE0B44E004495A4 /* ViewController.m */,
				BA7E652D1AE0B44E004495A4 /* Main.storyboard */,
				BA7E65301AE0B44E004495A4 /* Images.xcassets */,
				BA7E65321AE0B44E004495A4 /* LaunchScreen.xib */,
				BA7E65231AE0B44E004495A4 /* Supporting Files */,
			);
			path = FeThirdLayerMenu;
			sourceTree = "<group>";
		};
		BA7E65231AE0B44E004495A4 /* Supporting Files */ = {
			isa = PBXGroup;
			children = (
				BA7E65241AE0B44E004495A4 /* Info.plist */,
				BA7E65251AE0B44E004495A4 /* main.m */,
			);
			name = "Supporting Files";
			sourceTree = "<group>";
		};
		BA7E653C1AE0B44E004495A4 /* FeThirdLayerMenuTests */ = {
			isa = PBXGroup;
			children = (
				BA7E653F1AE0B44E004495A4 /* FeThirdLayerMenuTests.m */,
				BA7E653D1AE0B44E004495A4 /* Supporting Files */,
			);
			path = FeThirdLayerMenuTests;
			sourceTree = "<group>";
		};
		BA7E653D1AE0B44E004495A4 /* Supporting Files */ = {
			isa = PBXGroup;
			children = (
				BA7E653E1AE0B44E004495A4 /* Info.plist */,
			);
			name = "Supporting Files";
			sourceTree = "<group>";
		};
		BA7E65491AE0B56A004495A4 /* FeThirdLayerMenu */ = {
			isa = PBXGroup;
			children = (
				BA7E655A1AE0C2BF004495A4 /* ThirdLayerLabel */,
				BA7E654D1AE0C195004495A4 /* Attribute */,
				BA7E654C1AE0C13C004495A4 /* Categories */,
				BA7E654B1AE0C135004495A4 /* Layout */,
				BA7E654A1AE0C12C004495A4 /* Header */,
			);
			name = FeThirdLayerMenu;
			sourceTree = "<group>";
		};
		BA7E654A1AE0C12C004495A4 /* Header */ = {
			isa = PBXGroup;
			children = (
				BA7E65511AE0C1D9004495A4 /* FeThirdLayerHeader.h */,
				BA7E65521AE0C1D9004495A4 /* FeThirdLayerHeader.m */,
			);
			name = Header;
			sourceTree = "<group>";
		};
		BA7E654B1AE0C135004495A4 /* Layout */ = {
			isa = PBXGroup;
			children = (
				BA7E65571AE0C210004495A4 /* FeThirdLayerMenuLayout.h */,
				BA7E65581AE0C210004495A4 /* FeThirdLayerMenuLayout.m */,
			);
			name = Layout;
			sourceTree = "<group>";
		};
		BA7E654C1AE0C13C004495A4 /* Categories */ = {
			isa = PBXGroup;
			children = (
				BA7E65541AE0C1EE004495A4 /* UIView+FeThirdLayerAttribute.h */,
				BA7E65551AE0C1EE004495A4 /* UIView+FeThirdLayerAttribute.m */,
			);
			name = Categories;
			sourceTree = "<group>";
		};
		BA7E654D1AE0C195004495A4 /* Attribute */ = {
			isa = PBXGroup;
			children = (
				BA7E654E1AE0C1BD004495A4 /* FeThirdLayerAttribute.h */,
				BA7E654F1AE0C1BD004495A4 /* FeThirdLayerAttribute.m */,
			);
			name = Attribute;
			sourceTree = "<group>";
		};
		BA7E655A1AE0C2BF004495A4 /* ThirdLayerLabel */ = {
			isa = PBXGroup;
			children = (
				BA7E655B1AE0C2F1004495A4 /* FeThirdLayerLabel.h */,
				BA7E655C1AE0C2F1004495A4 /* FeThirdLayerLabel.m */,
			);
			name = ThirdLayerLabel;
			sourceTree = "<group>";
		};
/* End PBXGroup section */

/* Begin PBXNativeTarget section */
		BA7E651F1AE0B44E004495A4 /* FeThirdLayerMenu */ = {
			isa = PBXNativeTarget;
			buildConfigurationList = BA7E65431AE0B44E004495A4 /* Build configuration list for PBXNativeTarget "FeThirdLayerMenu" */;
			buildPhases = (
				BA7E651C1AE0B44E004495A4 /* Sources */,
				BA7E651D1AE0B44E004495A4 /* Frameworks */,
				BA7E651E1AE0B44E004495A4 /* Resources */,
			);
			buildRules = (
			);
			dependencies = (
			);
			name = FeThirdLayerMenu;
			productName = FeThirdLayerMenu;
			productReference = BA7E65201AE0B44E004495A4 /* FeThirdLayerMenu.app */;
			productType = "com.apple.product-type.application";
		};
		BA7E65381AE0B44E004495A4 /* FeThirdLayerMenuTests */ = {
			isa = PBXNativeTarget;
			buildConfigurationList = BA7E65461AE0B44E004495A4 /* Build configuration list for PBXNativeTarget "FeThirdLayerMenuTests" */;
			buildPhases = (
				BA7E65351AE0B44E004495A4 /* Sources */,
				BA7E65361AE0B44E004495A4 /* Frameworks */,
				BA7E65371AE0B44E004495A4 /* Resources */,
			);
			buildRules = (
			);
			dependencies = (
				BA7E653B1AE0B44E004495A4 /* PBXTargetDependency */,
			);
			name = FeThirdLayerMenuTests;
			productName = FeThirdLayerMenuTests;
			productReference = BA7E65391AE0B44E004495A4 /* FeThirdLayerMenuTests.xctest */;
			productType = "com.apple.product-type.bundle.unit-test";
		};
/* End PBXNativeTarget section */

/* Begin PBXProject section */
		BA7E65181AE0B44E004495A4 /* Project object */ = {
			isa = PBXProject;
			attributes = {
				LastUpgradeCheck = 0620;
				ORGANIZATIONNAME = Fe;
				TargetAttributes = {
					BA7E651F1AE0B44E004495A4 = {
						CreatedOnToolsVersion = 6.2;
					};
					BA7E65381AE0B44E004495A4 = {
						CreatedOnToolsVersion = 6.2;
						TestTargetID = BA7E651F1AE0B44E004495A4;
					};
				};
			};
			buildConfigurationList = BA7E651B1AE0B44E004495A4 /* Build configuration list for PBXProject "FeThirdLayerMenu" */;
			compatibilityVersion = "Xcode 3.2";
			developmentRegion = English;
			hasScannedForEncodings = 0;
			knownRegions = (
				en,
				Base,
			);
			mainGroup = BA7E65171AE0B44E004495A4;
			productRefGroup = BA7E65211AE0B44E004495A4 /* Products */;
			projectDirPath = "";
			projectRoot = "";
			targets = (
				BA7E651F1AE0B44E004495A4 /* FeThirdLayerMenu */,
				BA7E65381AE0B44E004495A4 /* FeThirdLayerMenuTests */,
			);
		};
/* End PBXProject section */

/* Begin PBXResourcesBuildPhase section */
		BA7E651E1AE0B44E004495A4 /* Resources */ = {
			isa = PBXResourcesBuildPhase;
			buildActionMask = 2147483647;
			files = (
				BA7E652F1AE0B44E004495A4 /* Main.storyboard in Resources */,
				BA7E65341AE0B44E004495A4 /* LaunchScreen.xib in Resources */,
				BA7E65311AE0B44E004495A4 /* Images.xcassets in Resources */,
			);
			runOnlyForDeploymentPostprocessing = 0;
		};
		BA7E65371AE0B44E004495A4 /* Resources */ = {
			isa = PBXResourcesBuildPhase;
			buildActionMask = 2147483647;
			files = (
			);
			runOnlyForDeploymentPostprocessing = 0;
		};
/* End PBXResourcesBuildPhase section */

/* Begin PBXSourcesBuildPhase section */
		BA7E651C1AE0B44E004495A4 /* Sources */ = {
			isa = PBXSourcesBuildPhase;
			buildActionMask = 2147483647;
			files = (
				BA7E652C1AE0B44E004495A4 /* ViewController.m in Sources */,
				BA7E655D1AE0C2F1004495A4 /* FeThirdLayerLabel.m in Sources */,
				BA7E65591AE0C210004495A4 /* FeThirdLayerMenuLayout.m in Sources */,
				BA7E65501AE0C1BD004495A4 /* FeThirdLayerAttribute.m in Sources */,
				BA7E65531AE0C1D9004495A4 /* FeThirdLayerHeader.m in Sources */,
				BA7E65291AE0B44E004495A4 /* AppDelegate.m in Sources */,
				BA7E65561AE0C1EE004495A4 /* UIView+FeThirdLayerAttribute.m in Sources */,
				BA7E65261AE0B44E004495A4 /* main.m in Sources */,
			);
			runOnlyForDeploymentPostprocessing = 0;
		};
		BA7E65351AE0B44E004495A4 /* Sources */ = {
			isa = PBXSourcesBuildPhase;
			buildActionMask = 2147483647;
			files = (
				BA7E65401AE0B44E004495A4 /* FeThirdLayerMenuTests.m in Sources */,
			);
			runOnlyForDeploymentPostprocessing = 0;
		};
/* End PBXSourcesBuildPhase section */

/* Begin PBXTargetDependency section */
		BA7E653B1AE0B44E004495A4 /* PBXTargetDependency */ = {
			isa = PBXTargetDependency;
			target = BA7E651F1AE0B44E004495A4 /* FeThirdLayerMenu */;
			targetProxy = BA7E653A1AE0B44E004495A4 /* PBXContainerItemProxy */;
		};
/* End PBXTargetDependency section */

/* Begin PBXVariantGroup section */
		BA7E652D1AE0B44E004495A4 /* Main.storyboard */ = {
			isa = PBXVariantGroup;
			children = (
				BA7E652E1AE0B44E004495A4 /* Base */,
			);
			name = Main.storyboard;
			sourceTree = "<group>";
		};
		BA7E65321AE0B44E004495A4 /* LaunchScreen.xib */ = {
			isa = PBXVariantGroup;
			children = (
				BA7E65331AE0B44E004495A4 /* Base */,
			);
			name = LaunchScreen.xib;
			sourceTree = "<group>";
		};
/* End PBXVariantGroup section */

/* Begin XCBuildConfiguration section */
		BA7E65411AE0B44E004495A4 /* Debug */ = {
			isa = XCBuildConfiguration;
			buildSettings = {
				ALWAYS_SEARCH_USER_PATHS = NO;
				CLANG_CXX_LANGUAGE_STANDARD = "gnu++0x";
				CLANG_CXX_LIBRARY = "libc++";
				CLANG_ENABLE_MODULES = YES;
				CLANG_ENABLE_OBJC_ARC = YES;
				CLANG_WARN_BOOL_CONVERSION = YES;
				CLANG_WARN_CONSTANT_CONVERSION = YES;
				CLANG_WARN_DIRECT_OBJC_ISA_USAGE = YES_ERROR;
				CLANG_WARN_EMPTY_BODY = YES;
				CLANG_WARN_ENUM_CONVERSION = YES;
				CLANG_WARN_INT_CONVERSION = YES;
				CLANG_WARN_OBJC_ROOT_CLASS = YES_ERROR;
				CLANG_WARN_UNREACHABLE_CODE = YES;
				CLANG_WARN__DUPLICATE_METHOD_MATCH = YES;
				"CODE_SIGN_IDENTITY[sdk=iphoneos*]" = "iPhone Developer";
				COPY_PHASE_STRIP = NO;
				ENABLE_STRICT_OBJC_MSGSEND = YES;
				GCC_C_LANGUAGE_STANDARD = gnu99;
				GCC_DYNAMIC_NO_PIC = NO;
				GCC_OPTIMIZATION_LEVEL = 0;
				GCC_PREPROCESSOR_DEFINITIONS = (
					"DEBUG=1",
					"$(inherited)",
				);
				GCC_SYMBOLS_PRIVATE_EXTERN = NO;
				GCC_WARN_64_TO_32_BIT_CONVERSION = YES;
				GCC_WARN_ABOUT_RETURN_TYPE = YES_ERROR;
				GCC_WARN_UNDECLARED_SELECTOR = YES;
				GCC_WARN_UNINITIALIZED_AUTOS = YES_AGGRESSIVE;
				GCC_WARN_UNUSED_FUNCTION = YES;
				GCC_WARN_UNUSED_VARIABLE = YES;
				IPHONEOS_DEPLOYMENT_TARGET = 8.2;
				MTL_ENABLE_DEBUG_INFO = YES;
				ONLY_ACTIVE_ARCH = YES;
				SDKROOT = iphoneos;
			};
			name = Debug;
		};
		BA7E65421AE0B44E004495A4 /* Release */ = {
			isa = XCBuildConfiguration;
			buildSettings = {
				ALWAYS_SEARCH_USER_PATHS = NO;
				CLANG_CXX_LANGUAGE_STANDARD = "gnu++0x";
				CLANG_CXX_LIBRARY = "libc++";
				CLANG_ENABLE_MODULES = YES;
				CLANG_ENABLE_OBJC_ARC = YES;
				CLANG_WARN_BOOL_CONVERSION = YES;
				CLANG_WARN_CONSTANT_CONVERSION = YES;
				CLANG_WARN_DIRECT_OBJC_ISA_USAGE = YES_ERROR;
				CLANG_WARN_EMPTY_BODY = YES;
				CLANG_WARN_ENUM_CONVERSION = YES;
				CLANG_WARN_INT_CONVERSION = YES;
				CLANG_WARN_OBJC_ROOT_CLASS = YES_ERROR;
				CLANG_WARN_UNREACHABLE_CODE = YES;
				CLANG_WARN__DUPLICATE_METHOD_MATCH = YES;
				"CODE_SIGN_IDENTITY[sdk=iphoneos*]" = "iPhone Developer";
				COPY_PHASE_STRIP = NO;
				ENABLE_NS_ASSERTIONS = NO;
				ENABLE_STRICT_OBJC_MSGSEND = YES;
				GCC_C_LANGUAGE_STANDARD = gnu99;
				GCC_WARN_64_TO_32_BIT_CONVERSION = YES;
				GCC_WARN_ABOUT_RETURN_TYPE = YES_ERROR;
				GCC_WARN_UNDECLARED_SELECTOR = YES;
				GCC_WARN_UNINITIALIZED_AUTOS = YES_AGGRESSIVE;
				GCC_WARN_UNUSED_FUNCTION = YES;
				GCC_WARN_UNUSED_VARIABLE = YES;
				IPHONEOS_DEPLOYMENT_TARGET = 8.2;
				MTL_ENABLE_DEBUG_INFO = NO;
				SDKROOT = iphoneos;
				VALIDATE_PRODUCT = YES;
			};
			name = Release;
		};
		BA7E65441AE0B44E004495A4 /* Debug */ = {
			isa = XCBuildConfiguration;
			buildSettings = {
				ASSETCATALOG_COMPILER_APPICON_NAME = AppIcon;
				INFOPLIST_FILE = FeThirdLayerMenu/Info.plist;
				LD_RUNPATH_SEARCH_PATHS = "$(inherited) @executable_path/Frameworks";
				PRODUCT_NAME = "$(TARGET_NAME)";
			};
			name = Debug;
		};
		BA7E65451AE0B44E004495A4 /* Release */ = {
			isa = XCBuildConfiguration;
			buildSettings = {
				ASSETCATALOG_COMPILER_APPICON_NAME = AppIcon;
				INFOPLIST_FILE = FeThirdLayerMenu/Info.plist;
				LD_RUNPATH_SEARCH_PATHS = "$(inherited) @executable_path/Frameworks";
				PRODUCT_NAME = "$(TARGET_NAME)";
			};
			name = Release;
		};
		BA7E65471AE0B44E004495A4 /* Debug */ = {
			isa = XCBuildConfiguration;
			buildSettings = {
				BUNDLE_LOADER = "$(TEST_HOST)";
				FRAMEWORK_SEARCH_PATHS = (
					"$(SDKROOT)/Developer/Library/Frameworks",
					"$(inherited)",
				);
				GCC_PREPROCESSOR_DEFINITIONS = (
					"DEBUG=1",
					"$(inherited)",
				);
				INFOPLIST_FILE = FeThirdLayerMenuTests/Info.plist;
				LD_RUNPATH_SEARCH_PATHS = "$(inherited) @executable_path/Frameworks @loader_path/Frameworks";
				PRODUCT_NAME = "$(TARGET_NAME)";
				TEST_HOST = "$(BUILT_PRODUCTS_DIR)/FeThirdLayerMenu.app/FeThirdLayerMenu";
			};
			name = Debug;
		};
		BA7E65481AE0B44E004495A4 /* Release */ = {
			isa = XCBuildConfiguration;
			buildSettings = {
				BUNDLE_LOADER = "$(TEST_HOST)";
				FRAMEWORK_SEARCH_PATHS = (
					"$(SDKROOT)/Developer/Library/Frameworks",
					"$(inherited)",
				);
				INFOPLIST_FILE = FeThirdLayerMenuTests/Info.plist;
				LD_RUNPATH_SEARCH_PATHS = "$(inherited) @executable_path/Frameworks @loader_path/Frameworks";
				PRODUCT_NAME = "$(TARGET_NAME)";
				TEST_HOST = "$(BUILT_PRODUCTS_DIR)/FeThirdLayerMenu.app/FeThirdLayerMenu";
			};
			name = Release;
		};
/* End XCBuildConfiguration section */

/* Begin XCConfigurationList section */
		BA7E651B1AE0B44E004495A4 /* Build configuration list for PBXProject "FeThirdLayerMenu" */ = {
			isa = XCConfigurationList;
			buildConfigurations = (
				BA7E65411AE0B44E004495A4 /* Debug */,
				BA7E65421AE0B44E004495A4 /* Release */,
			);
			defaultConfigurationIsVisible = 0;
			defaultConfigurationName = Release;
		};
		BA7E65431AE0B44E004495A4 /* Build configuration list for PBXNativeTarget "FeThirdLayerMenu" */ = {
			isa = XCConfigurationList;
			buildConfigurations = (
				BA7E65441AE0B44E004495A4 /* Debug */,
				BA7E65451AE0B44E004495A4 /* Release */,
			);
			defaultConfigurationIsVisible = 0;
		};
		BA7E65461AE0B44E004495A4 /* Build configuration list for PBXNativeTarget "FeThirdLayerMenuTests" */ = {
			isa = XCConfigurationList;
			buildConfigurations = (
				BA7E65471AE0B44E004495A4 /* Debug */,
				BA7E65481AE0B44E004495A4 /* Release */,
			);
			defaultConfigurationIsVisible = 0;
		};
/* End XCConfigurationList section */
	};
	rootObject = BA7E65181AE0B44E004495A4 /* Project object */;
}
